%{
  "estructura": {:hex, :estructura, "0.5.5", "24fabda158ba3747e85a8748019b5387f2fd829340630c8a5f946f9dccaf6bdb", [:mix], [], "hexpm", "12cb0952cad7eb3423f0e6b1a32a3a35bc05cfec2ec5fb7ddef5ad2f34ffb7c6"},
  "finitomata": {:hex, :finitomata, "0.14.5", "86a36be0b2b149ba89e32500f0f9be0dfdbc9e2e93555f33933894c4d9a1a9a7", [:mix], [{:estructura, "~> 0.5", [hex: :estructura, repo: "hexpm", optional: false]}, {:nimble_options, "~> 0.3 or ~> 1.0", [hex: :nimble_options, repo: "hexpm", optional: false]}, {:nimble_parsec, "~> 1.0", [hex: :nimble_parsec, repo: "hexpm", optional: false]}], "hexpm", "d033c3c1a08633f3c8ce8264c4604290eede0c1c4f5d3133039efbea3a017545"},
  "nimble_options": {:hex, :nimble_options, "1.0.2", "92098a74df0072ff37d0c12ace58574d26880e522c22801437151a159392270e", [:mix], [], "hexpm", "fd12a8db2021036ce12a309f26f564ec367373265b53e25403f0ee697380f1b8"},
  "nimble_parsec": {:hex, :nimble_parsec, "1.3.1", "2c54013ecf170e249e9291ed0a62e5832f70a476c61da16f6aac6dca0189f2af", [:mix], [], "hexpm", "2682e3c0b2eb58d90c6375fc0cc30bc7be06f365bf72608804fb9cffa5e1b167"},
}
